
Microsoft Visual Studio Solution File, Format Version 12.00
# Visual Studio Version 16
VisualStudioVersion = 16.0.30717.126
MinimumVisualStudioVersion = 10.0.40219.1
Project("{FAE04EC0-301F-11D3-BF4B-00C04F79EFBC}") = "DailyQuotesWebApp", "DailyQuotesWebApp.csproj", "{129F3D87-BD65-48A3-BDA7-92B07B3547EF}"
EndProject
Global
	GlobalSection(SolutionConfigurationPlatforms) = preSolution
		Debug|Any CPU = Debug|Any CPU
		Release|Any CPU = Release|Any CPU
	EndGlobalSection
	GlobalSection(ProjectConfigurationPlatforms) = postSolution
		{129F3D87-BD65-48A3-BDA7-92B07B3547EF}.Debug|Any CPU.ActiveCfg = Debug|Any CPU
		{129F3D87-BD65-48A3-BDA7-92B07B3547EF}.Debug|Any CPU.Build.0 = Debug|Any CPU
		{129F3D87-BD65-48A3-BDA7-92B07B3547EF}.Release|Any CPU.ActiveCfg = Release|Any CPU
		{129F3D87-BD65-48A3-BDA7-92B07B3547EF}.Release|Any CPU.Build.0 = Release|Any CPU
	EndGlobalSection
	GlobalSection(SolutionProperties) = preSolution
		HideSolutionNode = FALSE
	EndGlobalSection
	GlobalSection(ExtensibilityGlobals) = postSolution
		SolutionGuid = {12ED199A-2887-4FFA-8D5C-2B0D4D319280}
	EndGlobalSection
EndGlobal
